
Microsoft Visual Studio Solution File, Format Version 12.00
# Visual Studio 15
VisualStudioVersion = 15.0.26730.3
MinimumVisualStudioVersion = 10.0.40219.1
Project("{FAE04EC0-301F-11D3-BF4B-00C04F79EFBC}") = "shush", "shush\shush.csproj", "{52F75F09-073F-4F5B-9DE0-6D623E0A87DF}"
EndProject
Global
	GlobalSection(SolutionConfigurationPlatforms) = preSolution
		Debug|Any CPU = Debug|Any CPU
		Release|Any CPU = Release|Any CPU
	EndGlobalSection
	GlobalSection(ProjectConfigurationPlatforms) = postSolution
		{52F75F09-073F-4F5B-9DE0-6D623E0A87DF}.Debug|Any CPU.ActiveCfg = Debug|Any CPU
		{52F75F09-073F-4F5B-9DE0-6D623E0A87DF}.Debug|Any CPU.Build.0 = Debug|Any CPU
		{52F75F09-073F-4F5B-9DE0-6D623E0A87DF}.Release|Any CPU.ActiveCfg = Release|Any CPU
		{52F75F09-073F-4F5B-9DE0-6D623E0A87DF}.Release|Any CPU.Build.0 = Release|Any CPU
	EndGlobalSection
	GlobalSection(SolutionProperties) = preSolution
		HideSolutionNode = FALSE
	EndGlobalSection
	GlobalSection(ExtensibilityGlobals) = postSolution
		SolutionGuid = {08C6F4CC-9A3F-4ACD-ABF5-E128C49E75A0}
	EndGlobalSection
EndGlobal
